{
  "name": "back-end",
  "lockfileVersion": 3,
  "requires": true,
  "packages": {
    "": {
      "dependencies": {
        "fs": "^0.0.1-security",
        "sweetalert2": "^11.10.7"
      }
    },
    "node_modules/fs": {
      "version": "0.0.1-security",
      "resolved": "https://registry.npmjs.org/fs/-/fs-0.0.1-security.tgz",
      "integrity": "sha512-3XY9e1pP0CVEUCdj5BmfIZxRBTSDycnbqhIOGec9QYtmVH2fbLpj86CFWkrNOkt/Fvty4KZG5lTglL9j/gJ87w=="
    },
    "node_modules/sweetalert2": {
      "version": "11.10.7",
      "resolved": "https://registry.npmjs.org/sweetalert2/-/sweetalert2-11.10.7.tgz",
      "integrity": "sha512-5Jlzrmaitay6KzU+2+LhYu9q+L4v/dZ8oZyEDH14ep0C/QilCnFLHmqAyD/Lhq/lm5DiwsOs6Tr58iv8k3wyGg==",
      "funding": {
        "type": "individual",
        "url": "https://github.com/sponsors/limonte"
      }
    }
  }
}
